
Microsoft Visual Studio Solution File, Format Version 12.00
# Visual Studio 15
VisualStudioVersion = 15.0.26208.0
MinimumVisualStudioVersion = 15.0.26124.0
Project("{9A19103F-16F7-4668-BE54-9A1E7A4F7556}") = "Logging", "Logging\Logging.csproj", "{AFBCC2C8-8667-4A54-B02F-2FBA47B6CDFF}"
EndProject
Project("{FAE04EC0-301F-11D3-BF4B-00C04F79EFBC}") = "Configuration", "Configuration\Configuration.csproj", "{E82EDE22-3A0F-477A-AEAA-098F0F261049}"
EndProject
Project("{2150E333-8FDC-42A3-9474-1A3956D46DE8}") = "1-Logging", "1-Logging", "{4050C8A3-F298-4C92-A243-5975324CE53D}"
EndProject
Project("{2150E333-8FDC-42A3-9474-1A3956D46DE8}") = "2-Configuration", "2-Configuration", "{B722264B-657F-4F7D-88EA-1B1C6EC2E2EC}"
EndProject
Project("{9A19103F-16F7-4668-BE54-9A1E7A4F7556}") = "FileUpload", "FileUpload\FileUpload.csproj", "{5578839F-0605-4F96-97EC-344D898D3F86}"
EndProject
Project("{2150E333-8FDC-42A3-9474-1A3956D46DE8}") = "5-FileUpload", "5-FileUpload", "{A579D1AB-F2A4-4154-A310-462CC1509157}"
EndProject
Project("{2150E333-8FDC-42A3-9474-1A3956D46DE8}") = "3-DI", "3-DI", "{5D986CDA-967E-4126-8216-659504007AE9}"
EndProject
Project("{9A19103F-16F7-4668-BE54-9A1E7A4F7556}") = "DependencyInjectionDemos", "DependencyInjectionDemos\DependencyInjectionDemos.csproj", "{63C8188A-D0F4-4577-9DC7-CDF23E995457}"
EndProject
Project("{FAE04EC0-301F-11D3-BF4B-00C04F79EFBC}") = "ValidateScopes", "ValidateScopes\ValidateScopes.csproj", "{77B96328-DCDF-460A-82C6-E1B5AAA7C3AD}"
EndProject
Project("{2150E333-8FDC-42A3-9474-1A3956D46DE8}") = "6-End2EndTesting", "6-End2EndTesting", "{B1095566-2734-47AC-96A0-EB5F4AE8B62F}"
EndProject
Project("{FAE04EC0-301F-11D3-BF4B-00C04F79EFBC}") = "E2ETesting", "E2ETesting\E2ETesting.csproj", "{4BF28511-E8BF-4F3D-940A-19303AC55872}"
EndProject
Global
	GlobalSection(SolutionConfigurationPlatforms) = preSolution
		Debug|Any CPU = Debug|Any CPU
		Debug|x64 = Debug|x64
		Debug|x86 = Debug|x86
		Release|Any CPU = Release|Any CPU
		Release|x64 = Release|x64
		Release|x86 = Release|x86
	EndGlobalSection
	GlobalSection(ProjectConfigurationPlatforms) = postSolution
		{AFBCC2C8-8667-4A54-B02F-2FBA47B6CDFF}.Debug|Any CPU.ActiveCfg = Debug|Any CPU
		{AFBCC2C8-8667-4A54-B02F-2FBA47B6CDFF}.Debug|Any CPU.Build.0 = Debug|Any CPU
		{AFBCC2C8-8667-4A54-B02F-2FBA47B6CDFF}.Debug|x64.ActiveCfg = Debug|x64
		{AFBCC2C8-8667-4A54-B02F-2FBA47B6CDFF}.Debug|x64.Build.0 = Debug|x64
		{AFBCC2C8-8667-4A54-B02F-2FBA47B6CDFF}.Debug|x86.ActiveCfg = Debug|x86
		{AFBCC2C8-8667-4A54-B02F-2FBA47B6CDFF}.Debug|x86.Build.0 = Debug|x86
		{AFBCC2C8-8667-4A54-B02F-2FBA47B6CDFF}.Release|Any CPU.ActiveCfg = Release|Any CPU
		{AFBCC2C8-8667-4A54-B02F-2FBA47B6CDFF}.Release|Any CPU.Build.0 = Release|Any CPU
		{AFBCC2C8-8667-4A54-B02F-2FBA47B6CDFF}.Release|x64.ActiveCfg = Release|x64
		{AFBCC2C8-8667-4A54-B02F-2FBA47B6CDFF}.Release|x64.Build.0 = Release|x64
		{AFBCC2C8-8667-4A54-B02F-2FBA47B6CDFF}.Release|x86.ActiveCfg = Release|x86
		{AFBCC2C8-8667-4A54-B02F-2FBA47B6CDFF}.Release|x86.Build.0 = Release|x86
		{E82EDE22-3A0F-477A-AEAA-098F0F261049}.Debug|Any CPU.ActiveCfg = Debug|Any CPU
		{E82EDE22-3A0F-477A-AEAA-098F0F261049}.Debug|Any CPU.Build.0 = Debug|Any CPU
		{E82EDE22-3A0F-477A-AEAA-098F0F261049}.Debug|x64.ActiveCfg = Debug|x64
		{E82EDE22-3A0F-477A-AEAA-098F0F261049}.Debug|x64.Build.0 = Debug|x64
		{E82EDE22-3A0F-477A-AEAA-098F0F261049}.Debug|x86.ActiveCfg = Debug|x86
		{E82EDE22-3A0F-477A-AEAA-098F0F261049}.Debug|x86.Build.0 = Debug|x86
		{E82EDE22-3A0F-477A-AEAA-098F0F261049}.Release|Any CPU.ActiveCfg = Release|Any CPU
		{E82EDE22-3A0F-477A-AEAA-098F0F261049}.Release|Any CPU.Build.0 = Release|Any CPU
		{E82EDE22-3A0F-477A-AEAA-098F0F261049}.Release|x64.ActiveCfg = Release|x64
		{E82EDE22-3A0F-477A-AEAA-098F0F261049}.Release|x64.Build.0 = Release|x64
		{E82EDE22-3A0F-477A-AEAA-098F0F261049}.Release|x86.ActiveCfg = Release|x86
		{E82EDE22-3A0F-477A-AEAA-098F0F261049}.Release|x86.Build.0 = Release|x86
		{5578839F-0605-4F96-97EC-344D898D3F86}.Debug|Any CPU.ActiveCfg = Debug|Any CPU
		{5578839F-0605-4F96-97EC-344D898D3F86}.Debug|Any CPU.Build.0 = Debug|Any CPU
		{5578839F-0605-4F96-97EC-344D898D3F86}.Debug|x64.ActiveCfg = Debug|x64
		{5578839F-0605-4F96-97EC-344D898D3F86}.Debug|x64.Build.0 = Debug|x64
		{5578839F-0605-4F96-97EC-344D898D3F86}.Debug|x86.ActiveCfg = Debug|x86
		{5578839F-0605-4F96-97EC-344D898D3F86}.Debug|x86.Build.0 = Debug|x86
		{5578839F-0605-4F96-97EC-344D898D3F86}.Release|Any CPU.ActiveCfg = Release|Any CPU
		{5578839F-0605-4F96-97EC-344D898D3F86}.Release|Any CPU.Build.0 = Release|Any CPU
		{5578839F-0605-4F96-97EC-344D898D3F86}.Release|x64.ActiveCfg = Release|x64
		{5578839F-0605-4F96-97EC-344D898D3F86}.Release|x64.Build.0 = Release|x64
		{5578839F-0605-4F96-97EC-344D898D3F86}.Release|x86.ActiveCfg = Release|x86
		{5578839F-0605-4F96-97EC-344D898D3F86}.Release|x86.Build.0 = Release|x86
		{63C8188A-D0F4-4577-9DC7-CDF23E995457}.Debug|Any CPU.ActiveCfg = Debug|Any CPU
		{63C8188A-D0F4-4577-9DC7-CDF23E995457}.Debug|Any CPU.Build.0 = Debug|Any CPU
		{63C8188A-D0F4-4577-9DC7-CDF23E995457}.Debug|x64.ActiveCfg = Debug|x64
		{63C8188A-D0F4-4577-9DC7-CDF23E995457}.Debug|x64.Build.0 = Debug|x64
		{63C8188A-D0F4-4577-9DC7-CDF23E995457}.Debug|x86.ActiveCfg = Debug|x86
		{63C8188A-D0F4-4577-9DC7-CDF23E995457}.Debug|x86.Build.0 = Debug|x86
		{63C8188A-D0F4-4577-9DC7-CDF23E995457}.Release|Any CPU.ActiveCfg = Release|Any CPU
		{63C8188A-D0F4-4577-9DC7-CDF23E995457}.Release|Any CPU.Build.0 = Release|Any CPU
		{63C8188A-D0F4-4577-9DC7-CDF23E995457}.Release|x64.ActiveCfg = Release|x64
		{63C8188A-D0F4-4577-9DC7-CDF23E995457}.Release|x64.Build.0 = Release|x64
		{63C8188A-D0F4-4577-9DC7-CDF23E995457}.Release|x86.ActiveCfg = Release|x86
		{63C8188A-D0F4-4577-9DC7-CDF23E995457}.Release|x86.Build.0 = Release|x86
		{77B96328-DCDF-460A-82C6-E1B5AAA7C3AD}.Debug|Any CPU.ActiveCfg = Debug|Any CPU
		{77B96328-DCDF-460A-82C6-E1B5AAA7C3AD}.Debug|Any CPU.Build.0 = Debug|Any CPU
		{77B96328-DCDF-460A-82C6-E1B5AAA7C3AD}.Debug|x64.ActiveCfg = Debug|x64
		{77B96328-DCDF-460A-82C6-E1B5AAA7C3AD}.Debug|x64.Build.0 = Debug|x64
		{77B96328-DCDF-460A-82C6-E1B5AAA7C3AD}.Debug|x86.ActiveCfg = Debug|x86
		{77B96328-DCDF-460A-82C6-E1B5AAA7C3AD}.Debug|x86.Build.0 = Debug|x86
		{77B96328-DCDF-460A-82C6-E1B5AAA7C3AD}.Release|Any CPU.ActiveCfg = Release|Any CPU
		{77B96328-DCDF-460A-82C6-E1B5AAA7C3AD}.Release|Any CPU.Build.0 = Release|Any CPU
		{77B96328-DCDF-460A-82C6-E1B5AAA7C3AD}.Release|x64.ActiveCfg = Release|x64
		{77B96328-DCDF-460A-82C6-E1B5AAA7C3AD}.Release|x64.Build.0 = Release|x64
		{77B96328-DCDF-460A-82C6-E1B5AAA7C3AD}.Release|x86.ActiveCfg = Release|x86
		{77B96328-DCDF-460A-82C6-E1B5AAA7C3AD}.Release|x86.Build.0 = Release|x86
		{4BF28511-E8BF-4F3D-940A-19303AC55872}.Debug|Any CPU.ActiveCfg = Debug|Any CPU
		{4BF28511-E8BF-4F3D-940A-19303AC55872}.Debug|Any CPU.Build.0 = Debug|Any CPU
		{4BF28511-E8BF-4F3D-940A-19303AC55872}.Debug|x64.ActiveCfg = Debug|x64
		{4BF28511-E8BF-4F3D-940A-19303AC55872}.Debug|x64.Build.0 = Debug|x64
		{4BF28511-E8BF-4F3D-940A-19303AC55872}.Debug|x86.ActiveCfg = Debug|x86
		{4BF28511-E8BF-4F3D-940A-19303AC55872}.Debug|x86.Build.0 = Debug|x86
		{4BF28511-E8BF-4F3D-940A-19303AC55872}.Release|Any CPU.ActiveCfg = Release|Any CPU
		{4BF28511-E8BF-4F3D-940A-19303AC55872}.Release|Any CPU.Build.0 = Release|Any CPU
		{4BF28511-E8BF-4F3D-940A-19303AC55872}.Release|x64.ActiveCfg = Release|x64
		{4BF28511-E8BF-4F3D-940A-19303AC55872}.Release|x64.Build.0 = Release|x64
		{4BF28511-E8BF-4F3D-940A-19303AC55872}.Release|x86.ActiveCfg = Release|x86
		{4BF28511-E8BF-4F3D-940A-19303AC55872}.Release|x86.Build.0 = Release|x86
	EndGlobalSection
	GlobalSection(SolutionProperties) = preSolution
		HideSolutionNode = FALSE
	EndGlobalSection
	GlobalSection(NestedProjects) = preSolution
		{AFBCC2C8-8667-4A54-B02F-2FBA47B6CDFF} = {4050C8A3-F298-4C92-A243-5975324CE53D}
		{E82EDE22-3A0F-477A-AEAA-098F0F261049} = {B722264B-657F-4F7D-88EA-1B1C6EC2E2EC}
		{5578839F-0605-4F96-97EC-344D898D3F86} = {A579D1AB-F2A4-4154-A310-462CC1509157}
		{63C8188A-D0F4-4577-9DC7-CDF23E995457} = {5D986CDA-967E-4126-8216-659504007AE9}
		{77B96328-DCDF-460A-82C6-E1B5AAA7C3AD} = {5D986CDA-967E-4126-8216-659504007AE9}
		{4BF28511-E8BF-4F3D-940A-19303AC55872} = {B1095566-2734-47AC-96A0-EB5F4AE8B62F}
	EndGlobalSection
EndGlobal
