
Microsoft Visual Studio Solution File, Format Version 12.00
# Visual Studio 15
VisualStudioVersion = 15.0.26730.15
MinimumVisualStudioVersion = 10.0.40219.1
Project("{9A19103F-16F7-4668-BE54-9A1E7A4F7556}") = "StartupTimeTest11", "StartupTimeTest11\StartupTimeTest11.csproj", "{EFC8E69A-4DF4-485B-98A2-E41B02BF3CB3}"
EndProject
Project("{FAE04EC0-301F-11D3-BF4B-00C04F79EFBC}") = "StartupTimeTest20", "StartupTimeTest20\StartupTimeTest20.csproj", "{F225B245-B93F-4FE8-814E-F4FB9D6A4E5A}"
EndProject
Global
	GlobalSection(SolutionConfigurationPlatforms) = preSolution
		Debug|Any CPU = Debug|Any CPU
		Release|Any CPU = Release|Any CPU
	EndGlobalSection
	GlobalSection(ProjectConfigurationPlatforms) = postSolution
		{EFC8E69A-4DF4-485B-98A2-E41B02BF3CB3}.Debug|Any CPU.ActiveCfg = Debug|Any CPU
		{EFC8E69A-4DF4-485B-98A2-E41B02BF3CB3}.Debug|Any CPU.Build.0 = Debug|Any CPU
		{EFC8E69A-4DF4-485B-98A2-E41B02BF3CB3}.Release|Any CPU.ActiveCfg = Release|Any CPU
		{EFC8E69A-4DF4-485B-98A2-E41B02BF3CB3}.Release|Any CPU.Build.0 = Release|Any CPU
		{F225B245-B93F-4FE8-814E-F4FB9D6A4E5A}.Debug|Any CPU.ActiveCfg = Debug|Any CPU
		{F225B245-B93F-4FE8-814E-F4FB9D6A4E5A}.Debug|Any CPU.Build.0 = Debug|Any CPU
		{F225B245-B93F-4FE8-814E-F4FB9D6A4E5A}.Release|Any CPU.ActiveCfg = Release|Any CPU
		{F225B245-B93F-4FE8-814E-F4FB9D6A4E5A}.Release|Any CPU.Build.0 = Release|Any CPU
	EndGlobalSection
	GlobalSection(SolutionProperties) = preSolution
		HideSolutionNode = FALSE
	EndGlobalSection
	GlobalSection(ExtensibilityGlobals) = postSolution
		SolutionGuid = {D8A26AEF-E853-4A96-A4F0-8C84CA4BFC83}
	EndGlobalSection
EndGlobal
